// !$*UTF8*$!
{
	archiveVersion = 1;
	classes = {
	};
	objectVersion = 51;
	objects = {

/* Begin PBXBuildFile section */
		464507A722FDACB800F0B83E /* Data.swift in Sources */ = {isa = PBXBuildFile; fileRef = 464507A622FDACB800F0B83E /* Data.swift */; };
		464507AA22FDACEC00F0B83E /* Places.swift in Sources */ = {isa = PBXBuildFile; fileRef = 464507A922FDACEC00F0B83E /* Places.swift */; };
		464507AC22FDAEF500F0B83E /* cuData.json in Resources */ = {isa = PBXBuildFile; fileRef = 464507AB22FDAEF500F0B83E /* cuData.json */; };
		464507AE22FDB09B00F0B83E /* PlaceView.swift in Sources */ = {isa = PBXBuildFile; fileRef = 464507AD22FDB09B00F0B83E /* PlaceView.swift */; };
		464507B022FDB3E300F0B83E /* PlacesRow.swift in Sources */ = {isa = PBXBuildFile; fileRef = 464507AF22FDB3E300F0B83E /* PlacesRow.swift */; };
		464507B422FDEDFC00F0B83E /* DetailView.swift in Sources */ = {isa = PBXBuildFile; fileRef = 464507B322FDEDFC00F0B83E /* DetailView.swift */; };
		46661EEB22FB3B1B0068E6B4 /* AppDelegate.swift in Sources */ = {isa = PBXBuildFile; fileRef = 46661EEA22FB3B1B0068E6B4 /* AppDelegate.swift */; };
		46661EED22FB3B1B0068E6B4 /* SceneDelegate.swift in Sources */ = {isa = PBXBuildFile; fileRef = 46661EEC22FB3B1B0068E6B4 /* SceneDelegate.swift */; };
		46661EEF22FB3B1B0068E6B4 /* HomeView.swift in Sources */ = {isa = PBXBuildFile; fileRef = 46661EEE22FB3B1B0068E6B4 /* HomeView.swift */; };
		46661EF122FB3B210068E6B4 /* Assets.xcassets in Resources */ = {isa = PBXBuildFile; fileRef = 46661EF022FB3B210068E6B4 /* Assets.xcassets */; };
		46661EF422FB3B210068E6B4 /* Preview Assets.xcassets in Resources */ = {isa = PBXBuildFile; fileRef = 46661EF322FB3B210068E6B4 /* Preview Assets.xcassets */; };
		46661EF722FB3B210068E6B4 /* LaunchScreen.storyboard in Resources */ = {isa = PBXBuildFile; fileRef = 46661EF522FB3B210068E6B4 /* LaunchScreen.storyboard */; };
		46F36AE32300470A004FAC11 /* Podfile in Resources */ = {isa = PBXBuildFile; fileRef = 46F36AE22300470A004FAC11 /* Podfile */; };
		53AE54195F44E59C74020A19 /* libPods-CU Navigator.a in Frameworks */ = {isa = PBXBuildFile; fileRef = 799BC39E5F04BA6316CEF52D /* libPods-CU Navigator.a */; };
/* End PBXBuildFile section */

/* Begin PBXFileReference section */
		0970B4179672B7863B559779 /* Pods-CU Navigator.release.xcconfig */ = {isa = PBXFileReference; includeInIndex = 1; lastKnownFileType = text.xcconfig; name = "Pods-CU Navigator.release.xcconfig"; path = "Target Support Files/Pods-CU Navigator/Pods-CU Navigator.release.xcconfig"; sourceTree = "<group>"; };
		464507A622FDACB800F0B83E /* Data.swift */ = {isa = PBXFileReference; lastKnownFileType = sourcecode.swift; path = Data.swift; sourceTree = "<group>"; };
		464507A922FDACEC00F0B83E /* Places.swift */ = {isa = PBXFileReference; lastKnownFileType = sourcecode.swift; path = Places.swift; sourceTree = "<group>"; };
		464507AB22FDAEF500F0B83E /* cuData.json */ = {isa = PBXFileReference; fileEncoding = 4; lastKnownFileType = text.json; path = cuData.json; sourceTree = "<group>"; };
		464507AD22FDB09B00F0B83E /* PlaceView.swift */ = {isa = PBXFileReference; lastKnownFileType = sourcecode.swift; path = PlaceView.swift; sourceTree = "<group>"; };
		464507AF22FDB3E300F0B83E /* PlacesRow.swift */ = {isa = PBXFileReference; lastKnownFileType = sourcecode.swift; path = PlacesRow.swift; sourceTree = "<group>"; };
		464507B322FDEDFC00F0B83E /* DetailView.swift */ = {isa = PBXFileReference; lastKnownFileType = sourcecode.swift; path = DetailView.swift; sourceTree = "<group>"; };
		46661EE722FB3B1B0068E6B4 /* CU Navigator.app */ = {isa = PBXFileReference; explicitFileType = wrapper.application; includeInIndex = 0; path = "CU Navigator.app"; sourceTree = BUILT_PRODUCTS_DIR; };
		46661EEA22FB3B1B0068E6B4 /* AppDelegate.swift */ = {isa = PBXFileReference; lastKnownFileType = sourcecode.swift; path = AppDelegate.swift; sourceTree = "<group>"; };
		46661EEC22FB3B1B0068E6B4 /* SceneDelegate.swift */ = {isa = PBXFileReference; lastKnownFileType = sourcecode.swift; path = SceneDelegate.swift; sourceTree = "<group>"; };
		46661EEE22FB3B1B0068E6B4 /* HomeView.swift */ = {isa = PBXFileReference; lastKnownFileType = sourcecode.swift; path = HomeView.swift; sourceTree = "<group>"; };
		46661EF022FB3B210068E6B4 /* Assets.xcassets */ = {isa = PBXFileReference; lastKnownFileType = folder.assetcatalog; path = Assets.xcassets; sourceTree = "<group>"; };
		46661EF322FB3B210068E6B4 /* Preview Assets.xcassets */ = {isa = PBXFileReference; lastKnownFileType = folder.assetcatalog; path = "Preview Assets.xcassets"; sourceTree = "<group>"; };
		46661EF622FB3B210068E6B4 /* Base */ = {isa = PBXFileReference; lastKnownFileType = file.storyboard; name = Base; path = Base.lproj/LaunchScreen.storyboard; sourceTree = "<group>"; };
		46661EF822FB3B210068E6B4 /* Info.plist */ = {isa = PBXFileReference; lastKnownFileType = text.plist.xml; path = Info.plist; sourceTree = "<group>"; };
		46F36AE22300470A004FAC11 /* Podfile */ = {isa = PBXFileReference; lastKnownFileType = text; path = Podfile; sourceTree = "<group>"; xcLanguageSpecificationIdentifier = xcode.lang.ruby; };
		799BC39E5F04BA6316CEF52D /* libPods-CU Navigator.a */ = {isa = PBXFileReference; explicitFileType = archive.ar; includeInIndex = 0; path = "libPods-CU Navigator.a"; sourceTree = BUILT_PRODUCTS_DIR; };
		CC496675B9A8AB92D2B31ABA /* Pods-CU Navigator.debug.xcconfig */ = {isa = PBXFileReference; includeInIndex = 1; lastKnownFileType = text.xcconfig; name = "Pods-CU Navigator.debug.xcconfig"; path = "Target Support Files/Pods-CU Navigator/Pods-CU Navigator.debug.xcconfig"; sourceTree = "<group>"; };
/* End PBXFileReference section */

/* Begin PBXFrameworksBuildPhase section */
		46661EE422FB3B1B0068E6B4 /* Frameworks */ = {
			isa = PBXFrameworksBuildPhase;
			buildActionMask = 2147483647;
			files = (
				53AE54195F44E59C74020A19 /* libPods-CU Navigator.a in Frameworks */,
			);
			runOnlyForDeploymentPostprocessing = 0;
		};
/* End PBXFrameworksBuildPhase section */

/* Begin PBXGroup section */
		46661EDE22FB3B1A0068E6B4 = {
			isa = PBXGroup;
			children = (
				46F36AE22300470A004FAC11 /* Podfile */,
				46661EE922FB3B1B0068E6B4 /* CU Navigator */,
				46661EE822FB3B1B0068E6B4 /* Products */,
				F47223F2B79B2F38AF58A538 /* Pods */,
				B038AADA292BBEA4E8499658 /* Frameworks */,
			);
			sourceTree = "<group>";
		};
		46661EE822FB3B1B0068E6B4 /* Products */ = {
			isa = PBXGroup;
			children = (
				46661EE722FB3B1B0068E6B4 /* CU Navigator.app */,
			);
			name = Products;
			sourceTree = "<group>";
		};
		46661EE922FB3B1B0068E6B4 /* CU Navigator */ = {
			isa = PBXGroup;
			children = (
				46661EEA22FB3B1B0068E6B4 /* AppDelegate.swift */,
				46661EEC22FB3B1B0068E6B4 /* SceneDelegate.swift */,
				46661EEE22FB3B1B0068E6B4 /* HomeView.swift */,
				464507AF22FDB3E300F0B83E /* PlacesRow.swift */,
				464507AD22FDB09B00F0B83E /* PlaceView.swift */,
				46661EF022FB3B210068E6B4 /* Assets.xcassets */,
				46661EF522FB3B210068E6B4 /* LaunchScreen.storyboard */,
				46661EF822FB3B210068E6B4 /* Info.plist */,
				46661EF222FB3B210068E6B4 /* Preview Content */,
				464507A622FDACB800F0B83E /* Data.swift */,
				464507A922FDACEC00F0B83E /* Places.swift */,
				464507AB22FDAEF500F0B83E /* cuData.json */,
				464507B322FDEDFC00F0B83E /* DetailView.swift */,
			);
			path = "CU Navigator";
			sourceTree = "<group>";
		};
		46661EF222FB3B210068E6B4 /* Preview Content */ = {
			isa = PBXGroup;
			children = (
				46661EF322FB3B210068E6B4 /* Preview Assets.xcassets */,
			);
			path = "Preview Content";
			sourceTree = "<group>";
		};
		B038AADA292BBEA4E8499658 /* Frameworks */ = {
			isa = PBXGroup;
			children = (
				799BC39E5F04BA6316CEF52D /* libPods-CU Navigator.a */,
			);
			name = Frameworks;
			sourceTree = "<group>";
		};
		F47223F2B79B2F38AF58A538 /* Pods */ = {
			isa = PBXGroup;
			children = (
				CC496675B9A8AB92D2B31ABA /* Pods-CU Navigator.debug.xcconfig */,
				0970B4179672B7863B559779 /* Pods-CU Navigator.release.xcconfig */,
			);
			path = Pods;
			sourceTree = "<group>";
		};
/* End PBXGroup section */

/* Begin PBXNativeTarget section */
		46661EE622FB3B1B0068E6B4 /* CU Navigator */ = {
			isa = PBXNativeTarget;
			buildConfigurationList = 46661EFB22FB3B210068E6B4 /* Build configuration list for PBXNativeTarget "CU Navigator" */;
			buildPhases = (
				23AC2AF8273E051A859E42FB /* [CP] Check Pods Manifest.lock */,
				46661EE322FB3B1B0068E6B4 /* Sources */,
				46661EE422FB3B1B0068E6B4 /* Frameworks */,
				46661EE522FB3B1B0068E6B4 /* Resources */,
				4F9BE9BF5017653F6EE31C3E /* [CP] Copy Pods Resources */,
			);
			buildRules = (
			);
			dependencies = (
			);
			name = "CU Navigator";
			productName = "CU Navigator";
			productReference = 46661EE722FB3B1B0068E6B4 /* CU Navigator.app */;
			productType = "com.apple.product-type.application";
		};
/* End PBXNativeTarget section */

/* Begin PBXProject section */
		46661EDF22FB3B1A0068E6B4 /* Project object */ = {
			isa = PBXProject;
			attributes = {
				LastSwiftUpdateCheck = 1100;
				LastUpgradeCheck = 1100;
				ORGANIZATIONNAME = "Vatsal Kulshreshtha";
				TargetAttributes = {
					46661EE622FB3B1B0068E6B4 = {
						CreatedOnToolsVersion = 11.0;
					};
				};
			};
			buildConfigurationList = 46661EE222FB3B1A0068E6B4 /* Build configuration list for PBXProject "CU Navigator" */;
			compatibilityVersion = "Xcode 9.3";
			developmentRegion = en;
			hasScannedForEncodings = 0;
			knownRegions = (
				en,
				Base,
			);
			mainGroup = 46661EDE22FB3B1A0068E6B4;
			productRefGroup = 46661EE822FB3B1B0068E6B4 /* Products */;
			projectDirPath = "";
			projectRoot = "";
			targets = (
				46661EE622FB3B1B0068E6B4 /* CU Navigator */,
			);
		};
/* End PBXProject section */

/* Begin PBXResourcesBuildPhase section */
		46661EE522FB3B1B0068E6B4 /* Resources */ = {
			isa = PBXResourcesBuildPhase;
			buildActionMask = 2147483647;
			files = (
				46F36AE32300470A004FAC11 /* Podfile in Resources */,
				46661EF722FB3B210068E6B4 /* LaunchScreen.storyboard in Resources */,
				464507AC22FDAEF500F0B83E /* cuData.json in Resources */,
				46661EF422FB3B210068E6B4 /* Preview Assets.xcassets in Resources */,
				46661EF122FB3B210068E6B4 /* Assets.xcassets in Resources */,
			);
			runOnlyForDeploymentPostprocessing = 0;
		};
/* End PBXResourcesBuildPhase section */

/* Begin PBXShellScriptBuildPhase section */
		23AC2AF8273E051A859E42FB /* [CP] Check Pods Manifest.lock */ = {
			isa = PBXShellScriptBuildPhase;
			buildActionMask = 2147483647;
			files = (
			);
			inputFileListPaths = (
			);
			inputPaths = (
				"${PODS_PODFILE_DIR_PATH}/Podfile.lock",
				"${PODS_ROOT}/Manifest.lock",
			);
			name = "[CP] Check Pods Manifest.lock";
			outputFileListPaths = (
			);
			outputPaths = (
				"$(DERIVED_FILE_DIR)/Pods-CU Navigator-checkManifestLockResult.txt",
			);
			runOnlyForDeploymentPostprocessing = 0;
			shellPath = /bin/sh;
			shellScript = "diff \"${PODS_PODFILE_DIR_PATH}/Podfile.lock\" \"${PODS_ROOT}/Manifest.lock\" > /dev/null\nif [ $? != 0 ] ; then\n    # print error to STDERR\n    echo \"error: The sandbox is not in sync with the Podfile.lock. Run 'pod install' or update your CocoaPods installation.\" >&2\n    exit 1\nfi\n# This output is used by Xcode 'outputs' to avoid re-running this script phase.\necho \"SUCCESS\" > \"${SCRIPT_OUTPUT_FILE_0}\"\n";
			showEnvVarsInLog = 0;
		};
		4F9BE9BF5017653F6EE31C3E /* [CP] Copy Pods Resources */ = {
			isa = PBXShellScriptBuildPhase;
			buildActionMask = 2147483647;
			files = (
			);
			inputFileListPaths = (
				"${PODS_ROOT}/Target Support Files/Pods-CU Navigator/Pods-CU Navigator-resources-${CONFIGURATION}-input-files.xcfilelist",
			);
			name = "[CP] Copy Pods Resources";
			outputFileListPaths = (
				"${PODS_ROOT}/Target Support Files/Pods-CU Navigator/Pods-CU Navigator-resources-${CONFIGURATION}-output-files.xcfilelist",
			);
			runOnlyForDeploymentPostprocessing = 0;
			shellPath = /bin/sh;
			shellScript = "\"${PODS_ROOT}/Target Support Files/Pods-CU Navigator/Pods-CU Navigator-resources.sh\"\n";
			showEnvVarsInLog = 0;
		};
/* End PBXShellScriptBuildPhase section */

/* Begin PBXSourcesBuildPhase section */
		46661EE322FB3B1B0068E6B4 /* Sources */ = {
			isa = PBXSourcesBuildPhase;
			buildActionMask = 2147483647;
			files = (
				464507B022FDB3E300F0B83E /* PlacesRow.swift in Sources */,
				464507B422FDEDFC00F0B83E /* DetailView.swift in Sources */,
				464507AE22FDB09B00F0B83E /* PlaceView.swift in Sources */,
				464507AA22FDACEC00F0B83E /* Places.swift in Sources */,
				46661EEB22FB3B1B0068E6B4 /* AppDelegate.swift in Sources */,
				46661EED22FB3B1B0068E6B4 /* SceneDelegate.swift in Sources */,
				46661EEF22FB3B1B0068E6B4 /* HomeView.swift in Sources */,
				464507A722FDACB800F0B83E /* Data.swift in Sources */,
			);
			runOnlyForDeploymentPostprocessing = 0;
		};
/* End PBXSourcesBuildPhase section */

/* Begin PBXVariantGroup section */
		46661EF522FB3B210068E6B4 /* LaunchScreen.storyboard */ = {
			isa = PBXVariantGroup;
			children = (
				46661EF622FB3B210068E6B4 /* Base */,
			);
			name = LaunchScreen.storyboard;
			sourceTree = "<group>";
		};
/* End PBXVariantGroup section */

/* Begin XCBuildConfiguration section */
		46661EF922FB3B210068E6B4 /* Debug */ = {
			isa = XCBuildConfiguration;
			buildSettings = {
				ALWAYS_SEARCH_USER_PATHS = NO;
				CLANG_ANALYZER_NONNULL = YES;
				CLANG_ANALYZER_NUMBER_OBJECT_CONVERSION = YES_AGGRESSIVE;
				CLANG_CXX_LANGUAGE_STANDARD = "gnu++14";
				CLANG_CXX_LIBRARY = "libc++";
				CLANG_ENABLE_MODULES = YES;
				CLANG_ENABLE_OBJC_ARC = YES;
				CLANG_ENABLE_OBJC_WEAK = YES;
				CLANG_WARN_BLOCK_CAPTURE_AUTORELEASING = YES;
				CLANG_WARN_BOOL_CONVERSION = YES;
				CLANG_WARN_COMMA = YES;
				CLANG_WARN_CONSTANT_CONVERSION = YES;
				CLANG_WARN_DEPRECATED_OBJC_IMPLEMENTATIONS = YES;
				CLANG_WARN_DIRECT_OBJC_ISA_USAGE = YES_ERROR;
				CLANG_WARN_DOCUMENTATION_COMMENTS = YES;
				CLANG_WARN_EMPTY_BODY = YES;
				CLANG_WARN_ENUM_CONVERSION = YES;
				CLANG_WARN_INFINITE_RECURSION = YES;
				CLANG_WARN_INT_CONVERSION = YES;
				CLANG_WARN_NON_LITERAL_NULL_CONVERSION = YES;
				CLANG_WARN_OBJC_IMPLICIT_RETAIN_SELF = YES;
				CLANG_WARN_OBJC_LITERAL_CONVERSION = YES;
				CLANG_WARN_OBJC_ROOT_CLASS = YES_ERROR;
				CLANG_WARN_RANGE_LOOP_ANALYSIS = YES;
				CLANG_WARN_STRICT_PROTOTYPES = YES;
				CLANG_WARN_SUSPICIOUS_MOVE = YES;
				CLANG_WARN_UNGUARDED_AVAILABILITY = YES_AGGRESSIVE;
				CLANG_WARN_UNREACHABLE_CODE = YES;
				CLANG_WARN__DUPLICATE_METHOD_MATCH = YES;
				COPY_PHASE_STRIP = NO;
				DEBUG_INFORMATION_FORMAT = dwarf;
				ENABLE_STRICT_OBJC_MSGSEND = YES;
				ENABLE_TESTABILITY = YES;
				GCC_C_LANGUAGE_STANDARD = gnu11;
				GCC_DYNAMIC_NO_PIC = NO;
				GCC_NO_COMMON_BLOCKS = YES;
				GCC_OPTIMIZATION_LEVEL = 0;
				GCC_PREPROCESSOR_DEFINITIONS = (
					"DEBUG=1",
					"$(inherited)",
				);
				GCC_WARN_64_TO_32_BIT_CONVERSION = YES;
				GCC_WARN_ABOUT_RETURN_TYPE = YES_ERROR;
				GCC_WARN_UNDECLARED_SELECTOR = YES;
				GCC_WARN_UNINITIALIZED_AUTOS = YES_AGGRESSIVE;
				GCC_WARN_UNUSED_FUNCTION = YES;
				GCC_WARN_UNUSED_VARIABLE = YES;
				IPHONEOS_DEPLOYMENT_TARGET = 13.0;
				MTL_ENABLE_DEBUG_INFO = INCLUDE_SOURCE;
				MTL_FAST_MATH = YES;
				ONLY_ACTIVE_ARCH = YES;
				SDKROOT = iphoneos;
				SWIFT_ACTIVE_COMPILATION_CONDITIONS = DEBUG;
				SWIFT_OPTIMIZATION_LEVEL = "-Onone";
			};
			name = Debug;
		};
		46661EFA22FB3B210068E6B4 /* Release */ = {
			isa = XCBuildConfiguration;
			buildSettings = {
				ALWAYS_SEARCH_USER_PATHS = NO;
				CLANG_ANALYZER_NONNULL = YES;
				CLANG_ANALYZER_NUMBER_OBJECT_CONVERSION = YES_AGGRESSIVE;
				CLANG_CXX_LANGUAGE_STANDARD = "gnu++14";
				CLANG_CXX_LIBRARY = "libc++";
				CLANG_ENABLE_MODULES = YES;
				CLANG_ENABLE_OBJC_ARC = YES;
				CLANG_ENABLE_OBJC_WEAK = YES;
				CLANG_WARN_BLOCK_CAPTURE_AUTORELEASING = YES;
				CLANG_WARN_BOOL_CONVERSION = YES;
				CLANG_WARN_COMMA = YES;
				CLANG_WARN_CONSTANT_CONVERSION = YES;
				CLANG_WARN_DEPRECATED_OBJC_IMPLEMENTATIONS = YES;
				CLANG_WARN_DIRECT_OBJC_ISA_USAGE = YES_ERROR;
				CLANG_WARN_DOCUMENTATION_COMMENTS = YES;
				CLANG_WARN_EMPTY_BODY = YES;
				CLANG_WARN_ENUM_CONVERSION = YES;
				CLANG_WARN_INFINITE_RECURSION = YES;
				CLANG_WARN_INT_CONVERSION = YES;
				CLANG_WARN_NON_LITERAL_NULL_CONVERSION = YES;
				CLANG_WARN_OBJC_IMPLICIT_RETAIN_SELF = YES;
				CLANG_WARN_OBJC_LITERAL_CONVERSION = YES;
				CLANG_WARN_OBJC_ROOT_CLASS = YES_ERROR;
				CLANG_WARN_RANGE_LOOP_ANALYSIS = YES;
				CLANG_WARN_STRICT_PROTOTYPES = YES;
				CLANG_WARN_SUSPICIOUS_MOVE = YES;
				CLANG_WARN_UNGUARDED_AVAILABILITY = YES_AGGRESSIVE;
				CLANG_WARN_UNREACHABLE_CODE = YES;
				CLANG_WARN__DUPLICATE_METHOD_MATCH = YES;
				COPY_PHASE_STRIP = NO;
				DEBUG_INFORMATION_FORMAT = "dwarf-with-dsym";
				ENABLE_NS_ASSERTIONS = NO;
				ENABLE_STRICT_OBJC_MSGSEND = YES;
				GCC_C_LANGUAGE_STANDARD = gnu11;
				GCC_NO_COMMON_BLOCKS = YES;
				GCC_WARN_64_TO_32_BIT_CONVERSION = YES;
				GCC_WARN_ABOUT_RETURN_TYPE = YES_ERROR;
				GCC_WARN_UNDECLARED_SELECTOR = YES;
				GCC_WARN_UNINITIALIZED_AUTOS = YES_AGGRESSIVE;
				GCC_WARN_UNUSED_FUNCTION = YES;
				GCC_WARN_UNUSED_VARIABLE = YES;
				IPHONEOS_DEPLOYMENT_TARGET = 13.0;
				MTL_ENABLE_DEBUG_INFO = NO;
				MTL_FAST_MATH = YES;
				SDKROOT = iphoneos;
				SWIFT_COMPILATION_MODE = wholemodule;
				SWIFT_OPTIMIZATION_LEVEL = "-O";
				VALIDATE_PRODUCT = YES;
			};
			name = Release;
		};
		46661EFC22FB3B210068E6B4 /* Debug */ = {
			isa = XCBuildConfiguration;
			baseConfigurationReference = CC496675B9A8AB92D2B31ABA /* Pods-CU Navigator.debug.xcconfig */;
			buildSettings = {
				ASSETCATALOG_COMPILER_APPICON_NAME = AppIcon;
				CODE_SIGN_STYLE = Automatic;
				DEVELOPMENT_ASSET_PATHS = "\"CU Navigator\"/Preview\\ Content";
				DEVELOPMENT_TEAM = RG8WZR6JK3;
				ENABLE_PREVIEWS = YES;
				INFOPLIST_FILE = "CU Navigator/Info.plist";
				IPHONEOS_DEPLOYMENT_TARGET = 13.0;
				LD_RUNPATH_SEARCH_PATHS = (
					"$(inherited)",
					"@executable_path/Frameworks",
				);
				PRODUCT_BUNDLE_IDENTIFIER = "vatsal.CU-Navigator";
				PRODUCT_NAME = "$(TARGET_NAME)";
				SWIFT_VERSION = 5.0;
				TARGETED_DEVICE_FAMILY = "1,2";
			};
			name = Debug;
		};
		46661EFD22FB3B210068E6B4 /* Release */ = {
			isa = XCBuildConfiguration;
			baseConfigurationReference = 0970B4179672B7863B559779 /* Pods-CU Navigator.release.xcconfig */;
			buildSettings = {
				ASSETCATALOG_COMPILER_APPICON_NAME = AppIcon;
				CODE_SIGN_STYLE = Automatic;
				DEVELOPMENT_ASSET_PATHS = "\"CU Navigator\"/Preview\\ Content";
				DEVELOPMENT_TEAM = RG8WZR6JK3;
				ENABLE_PREVIEWS = YES;
				INFOPLIST_FILE = "CU Navigator/Info.plist";
				IPHONEOS_DEPLOYMENT_TARGET = 13.0;
				LD_RUNPATH_SEARCH_PATHS = (
					"$(inherited)",
					"@executable_path/Frameworks",
				);
				PRODUCT_BUNDLE_IDENTIFIER = "vatsal.CU-Navigator";
				PRODUCT_NAME = "$(TARGET_NAME)";
				SWIFT_VERSION = 5.0;
				TARGETED_DEVICE_FAMILY = "1,2";
			};
			name = Release;
		};
/* End XCBuildConfiguration section */

/* Begin XCConfigurationList section */
		46661EE222FB3B1A0068E6B4 /* Build configuration list for PBXProject "CU Navigator" */ = {
			isa = XCConfigurationList;
			buildConfigurations = (
				46661EF922FB3B210068E6B4 /* Debug */,
				46661EFA22FB3B210068E6B4 /* Release */,
			);
			defaultConfigurationIsVisible = 0;
			defaultConfigurationName = Release;
		};
		46661EFB22FB3B210068E6B4 /* Build configuration list for PBXNativeTarget "CU Navigator" */ = {
			isa = XCConfigurationList;
			buildConfigurations = (
				46661EFC22FB3B210068E6B4 /* Debug */,
				46661EFD22FB3B210068E6B4 /* Release */,
			);
			defaultConfigurationIsVisible = 0;
			defaultConfigurationName = Release;
		};
/* End XCConfigurationList section */
	};
	rootObject = 46661EDF22FB3B1A0068E6B4 /* Project object */;
}
